Microsoft Visual Studio Solution File, Format Version 12.00
# Visual Studio Version 17
VisualStudioVersion = 17.5.2.0
MinimumVisualStudioVersion = 10.0.40219.1
Project("{FAE04EC0-301F-11D3-BF4B-00C04F79EFBC}") = "SecretKey", "SecretKey.csproj", "{730DEBA2-AC77-9B61-E9E4-B9B022991A47}"
EndProject
Global
	GlobalSection(SolutionConfigurationPlatforms) = preSolution
		Debug|Any CPU = Debug|Any CPU
		Release|Any CPU = Release|Any CPU
	EndGlobalSection
	GlobalSection(ProjectConfigurationPlatforms) = postSolution
		{730DEBA2-AC77-9B61-E9E4-B9B022991A47}.Debug|Any CPU.ActiveCfg = Debug|Any CPU
		{730DEBA2-AC77-9B61-E9E4-B9B022991A47}.Debug|Any CPU.Build.0 = Debug|Any CPU
		{730DEBA2-AC77-9B61-E9E4-B9B022991A47}.Release|Any CPU.ActiveCfg = Release|Any CPU
		{730DEBA2-AC77-9B61-E9E4-B9B022991A47}.Release|Any CPU.Build.0 = Release|Any CPU
	EndGlobalSection
	GlobalSection(SolutionProperties) = preSolution
		HideSolutionNode = FALSE
	EndGlobalSection
	GlobalSection(ExtensibilityGlobals) = postSolution
		SolutionGuid = {980FA775-9D7B-4982-B87F-D2C9600F2E70}
	EndGlobalSection
EndGlobal
